
Microsoft Visual Studio Solution File, Format Version 12.00
# Visual Studio 14
VisualStudioVersion = 14.0.25420.1
MinimumVisualStudioVersion = 10.0.40219.1
Project("{888888A0-9F3D-457C-B088-3A5042F75D52}") = "TwitterCrawler", "TwitterDataLake\TwitterCrawler.pyproj", "{0083D24C-8843-4184-B6B6-DEA5572A7FF6}"
EndProject
Project("{888888A0-9F3D-457C-B088-3A5042F75D52}") = "DataProcessing", "DataProcessing\DataProcessing.pyproj", "{2E8650D8-7471-4D6F-9A93-A0C65373603F}"
EndProject
Project("{888888A0-9F3D-457C-B088-3A5042F75D52}") = "DataLakeUpload", "DataLakeUpload\DataLakeUpload.pyproj", "{EE5ADB7D-5927-4B8C-B69D-0374E145C2A0}"
EndProject
Global
	GlobalSection(SolutionConfigurationPlatforms) = preSolution
		Debug|Any CPU = Debug|Any CPU
		Release|Any CPU = Release|Any CPU
	EndGlobalSection
	GlobalSection(ProjectConfigurationPlatforms) = postSolution
		{0083D24C-8843-4184-B6B6-DEA5572A7FF6}.Debug|Any CPU.ActiveCfg = Debug|Any CPU
		{0083D24C-8843-4184-B6B6-DEA5572A7FF6}.Release|Any CPU.ActiveCfg = Release|Any CPU
		{2E8650D8-7471-4D6F-9A93-A0C65373603F}.Debug|Any CPU.ActiveCfg = Debug|Any CPU
		{2E8650D8-7471-4D6F-9A93-A0C65373603F}.Release|Any CPU.ActiveCfg = Release|Any CPU
		{EE5ADB7D-5927-4B8C-B69D-0374E145C2A0}.Debug|Any CPU.ActiveCfg = Debug|Any CPU
		{EE5ADB7D-5927-4B8C-B69D-0374E145C2A0}.Release|Any CPU.ActiveCfg = Release|Any CPU
	EndGlobalSection
	GlobalSection(SolutionProperties) = preSolution
		HideSolutionNode = FALSE
	EndGlobalSection
EndGlobal
